{
  "requires": true,
  "lockfileVersion": 1,
  "dependencies": {
    "@types/react-geocode": {
      "version": "0.2.0",
      "resolved": "https://registry.npmjs.org/@types/react-geocode/-/react-geocode-0.2.0.tgz",
      "integrity": "sha512-xypTvo8wQa2z2TJrYLiZYjyZvXbFNrf10a3U45Yzxq9+AARyr7ZZbMzUYejzPTBglI7/zNYnDEW6EdU0el/Hgg=="
    }
  }
}
